
Microsoft Visual Studio Solution File, Format Version 12.00
# Visual Studio 15
VisualStudioVersion = 15.0.27130.2026
MinimumVisualStudioVersion = 10.0.40219.1
Project("{888888A0-9F3D-457C-B088-3A5042F75D52}") = "problems", "problems.pyproj", "{359C2AFC-7D4D-4AEC-A9FE-536721F5BCA5}"
EndProject
Global
	GlobalSection(SolutionConfigurationPlatforms) = preSolution
		Debug|Any CPU = Debug|Any CPU
		Release|Any CPU = Release|Any CPU
	EndGlobalSection
	GlobalSection(ProjectConfigurationPlatforms) = postSolution
		{359C2AFC-7D4D-4AEC-A9FE-536721F5BCA5}.Debug|Any CPU.ActiveCfg = Debug|Any CPU
		{359C2AFC-7D4D-4AEC-A9FE-536721F5BCA5}.Release|Any CPU.ActiveCfg = Release|Any CPU
	EndGlobalSection
	GlobalSection(SolutionProperties) = preSolution
		HideSolutionNode = FALSE
	EndGlobalSection
	GlobalSection(ExtensibilityGlobals) = postSolution
		SolutionGuid = {13F70E7C-D811-4725-A8B3-94E5B112F89B}
	EndGlobalSection
EndGlobal
